
Microsoft Visual Studio Solution File, Format Version 12.00
# Visual Studio Version 17
VisualStudioVersion = 17.0.31903.59
MinimumVisualStudioVersion = 10.0.40219.1
Project("{2150E333-8FDC-42A3-9474-1A3956D46DE8}") = "src", "src", "{B2BAAF31-8074-4534-BFF4-5ED31CD813AC}"
EndProject
Project("{FAE04EC0-301F-11D3-BF4B-00C04F79EFBC}") = "JupiterPrime.Application", "src\JupiterPrime.Application\JupiterPrime.Application.csproj", "{6FB0735A-AF0C-42DA-8B6D-22F2B2DE6F87}"
EndProject
Project("{FAE04EC0-301F-11D3-BF4B-00C04F79EFBC}") = "JupiterPrime.Domain", "src\JupiterPrime.Domain\JupiterPrime.Domain.csproj", "{4AC5A0A2-97FB-4014-941E-F0E4C7994E1C}"
EndProject
Project("{FAE04EC0-301F-11D3-BF4B-00C04F79EFBC}") = "JupiterPrime.Infrastructure", "src\JupiterPrime.Infrastructure\JupiterPrime.Infrastructure.csproj", "{89575608-6C95-4E14-9423-E1C72D276EFE}"
EndProject
Project("{2150E333-8FDC-42A3-9474-1A3956D46DE8}") = "tests", "tests", "{20D7BF8F-DD73-4B0C-9632-70512EAEC8D3}"
EndProject
Project("{FAE04EC0-301F-11D3-BF4B-00C04F79EFBC}") = "JupiterPrime.Tests", "tests\JupiterPrime.Tests\JupiterPrime.Tests.csproj", "{7F1EF914-603E-4639-8964-729D27CFABAD}"
EndProject
Project("{FAE04EC0-301F-11D3-BF4B-00C04F79EFBC}") = "JupiterPrime.Specflow", "tests\JupiterPrime.Specflow\JupiterPrime.Specflow.csproj", "{1F1002E2-2F15-4A7D-A0C5-AF1EDB9DE16B}"
EndProject
Global
	GlobalSection(SolutionConfigurationPlatforms) = preSolution
		Debug|Any CPU = Debug|Any CPU
		Release|Any CPU = Release|Any CPU
	EndGlobalSection
	GlobalSection(SolutionProperties) = preSolution
		HideSolutionNode = FALSE
	EndGlobalSection
	GlobalSection(ProjectConfigurationPlatforms) = postSolution
		{6FB0735A-AF0C-42DA-8B6D-22F2B2DE6F87}.Debug|Any CPU.ActiveCfg = Debug|Any CPU
		{6FB0735A-AF0C-42DA-8B6D-22F2B2DE6F87}.Debug|Any CPU.Build.0 = Debug|Any CPU
		{6FB0735A-AF0C-42DA-8B6D-22F2B2DE6F87}.Release|Any CPU.ActiveCfg = Release|Any CPU
		{6FB0735A-AF0C-42DA-8B6D-22F2B2DE6F87}.Release|Any CPU.Build.0 = Release|Any CPU
		{4AC5A0A2-97FB-4014-941E-F0E4C7994E1C}.Debug|Any CPU.ActiveCfg = Debug|Any CPU
		{4AC5A0A2-97FB-4014-941E-F0E4C7994E1C}.Debug|Any CPU.Build.0 = Debug|Any CPU
		{4AC5A0A2-97FB-4014-941E-F0E4C7994E1C}.Release|Any CPU.ActiveCfg = Release|Any CPU
		{4AC5A0A2-97FB-4014-941E-F0E4C7994E1C}.Release|Any CPU.Build.0 = Release|Any CPU
		{89575608-6C95-4E14-9423-E1C72D276EFE}.Debug|Any CPU.ActiveCfg = Debug|Any CPU
		{89575608-6C95-4E14-9423-E1C72D276EFE}.Debug|Any CPU.Build.0 = Debug|Any CPU
		{89575608-6C95-4E14-9423-E1C72D276EFE}.Release|Any CPU.ActiveCfg = Release|Any CPU
		{89575608-6C95-4E14-9423-E1C72D276EFE}.Release|Any CPU.Build.0 = Release|Any CPU
		{7F1EF914-603E-4639-8964-729D27CFABAD}.Debug|Any CPU.ActiveCfg = Debug|Any CPU
		{7F1EF914-603E-4639-8964-729D27CFABAD}.Debug|Any CPU.Build.0 = Debug|Any CPU
		{7F1EF914-603E-4639-8964-729D27CFABAD}.Release|Any CPU.ActiveCfg = Release|Any CPU
		{7F1EF914-603E-4639-8964-729D27CFABAD}.Release|Any CPU.Build.0 = Release|Any CPU
		{1F1002E2-2F15-4A7D-A0C5-AF1EDB9DE16B}.Debug|Any CPU.ActiveCfg = Debug|Any CPU
		{1F1002E2-2F15-4A7D-A0C5-AF1EDB9DE16B}.Debug|Any CPU.Build.0 = Debug|Any CPU
		{1F1002E2-2F15-4A7D-A0C5-AF1EDB9DE16B}.Release|Any CPU.ActiveCfg = Release|Any CPU
		{1F1002E2-2F15-4A7D-A0C5-AF1EDB9DE16B}.Release|Any CPU.Build.0 = Release|Any CPU
	EndGlobalSection
	GlobalSection(NestedProjects) = preSolution
		{6FB0735A-AF0C-42DA-8B6D-22F2B2DE6F87} = {B2BAAF31-8074-4534-BFF4-5ED31CD813AC}
		{4AC5A0A2-97FB-4014-941E-F0E4C7994E1C} = {B2BAAF31-8074-4534-BFF4-5ED31CD813AC}
		{89575608-6C95-4E14-9423-E1C72D276EFE} = {B2BAAF31-8074-4534-BFF4-5ED31CD813AC}
		{7F1EF914-603E-4639-8964-729D27CFABAD} = {20D7BF8F-DD73-4B0C-9632-70512EAEC8D3}
		{1F1002E2-2F15-4A7D-A0C5-AF1EDB9DE16B} = {20D7BF8F-DD73-4B0C-9632-70512EAEC8D3}
	EndGlobalSection
EndGlobal
